
Microsoft Visual Studio Solution File, Format Version 12.00
# Visual Studio Version 17
VisualStudioVersion = 17.0.31903.59
MinimumVisualStudioVersion = 10.0.40219.1
Project("{2150E333-8FDC-42A3-9474-1A3956D46DE8}") = "Ficheros", "Ficheros", "{D6E6E416-E310-394A-8A43-6725DFC75A93}"
EndProject
Project("{FAE04EC0-301F-11D3-BF4B-00C04F79EFBC}") = "Comparativa", "Ficheros\Comparativa\Comparativa.csproj", "{55DE832F-1E79-4766-A315-2949D563FBD8}"
EndProject
Global
	GlobalSection(SolutionConfigurationPlatforms) = preSolution
		Debug|Any CPU = Debug|Any CPU
		Debug|x64 = Debug|x64
		Debug|x86 = Debug|x86
		Release|Any CPU = Release|Any CPU
		Release|x64 = Release|x64
		Release|x86 = Release|x86
	EndGlobalSection
	GlobalSection(ProjectConfigurationPlatforms) = postSolution
		{55DE832F-1E79-4766-A315-2949D563FBD8}.Debug|Any CPU.ActiveCfg = Debug|Any CPU
		{55DE832F-1E79-4766-A315-2949D563FBD8}.Debug|Any CPU.Build.0 = Debug|Any CPU
		{55DE832F-1E79-4766-A315-2949D563FBD8}.Debug|x64.ActiveCfg = Debug|Any CPU
		{55DE832F-1E79-4766-A315-2949D563FBD8}.Debug|x64.Build.0 = Debug|Any CPU
		{55DE832F-1E79-4766-A315-2949D563FBD8}.Debug|x86.ActiveCfg = Debug|Any CPU
		{55DE832F-1E79-4766-A315-2949D563FBD8}.Debug|x86.Build.0 = Debug|Any CPU
		{55DE832F-1E79-4766-A315-2949D563FBD8}.Release|Any CPU.ActiveCfg = Release|Any CPU
		{55DE832F-1E79-4766-A315-2949D563FBD8}.Release|Any CPU.Build.0 = Release|Any CPU
		{55DE832F-1E79-4766-A315-2949D563FBD8}.Release|x64.ActiveCfg = Release|Any CPU
		{55DE832F-1E79-4766-A315-2949D563FBD8}.Release|x64.Build.0 = Release|Any CPU
		{55DE832F-1E79-4766-A315-2949D563FBD8}.Release|x86.ActiveCfg = Release|Any CPU
		{55DE832F-1E79-4766-A315-2949D563FBD8}.Release|x86.Build.0 = Release|Any CPU
	EndGlobalSection
	GlobalSection(SolutionProperties) = preSolution
		HideSolutionNode = FALSE
	EndGlobalSection
	GlobalSection(NestedProjects) = preSolution
		{55DE832F-1E79-4766-A315-2949D563FBD8} = {D6E6E416-E310-394A-8A43-6725DFC75A93}
	EndGlobalSection
EndGlobal
