
Microsoft Visual Studio Solution File, Format Version 12.00
# Visual Studio Version 17
VisualStudioVersion = 17.5.2.0
MinimumVisualStudioVersion = 10.0.40219.1
Project("{FAE04EC0-301F-11D3-BF4B-00C04F79EFBC}") = "Sistemas de Gestión de Estudiantes y Calificaciones", "SGEC\Sistemas de Gestión de Estudiantes y Calificaciones.csproj", "{F6A67D29-050F-C1C1-61A7-D6EAC0AF5838}"
EndProject
Project("{FAE04EC0-301F-11D3-BF4B-00C04F79EFBC}") = "Tests", "SGEC.Test\Tests.csproj", "{434A04FD-DAFF-7460-5B1B-3E0F3D8BEEC9}"
EndProject
Global
	GlobalSection(SolutionConfigurationPlatforms) = preSolution
		Debug|Any CPU = Debug|Any CPU
		Release|Any CPU = Release|Any CPU
	EndGlobalSection
	GlobalSection(ProjectConfigurationPlatforms) = postSolution
		{F6A67D29-050F-C1C1-61A7-D6EAC0AF5838}.Debug|Any CPU.ActiveCfg = Debug|Any CPU
		{F6A67D29-050F-C1C1-61A7-D6EAC0AF5838}.Debug|Any CPU.Build.0 = Debug|Any CPU
		{F6A67D29-050F-C1C1-61A7-D6EAC0AF5838}.Release|Any CPU.ActiveCfg = Release|Any CPU
		{F6A67D29-050F-C1C1-61A7-D6EAC0AF5838}.Release|Any CPU.Build.0 = Release|Any CPU
		{434A04FD-DAFF-7460-5B1B-3E0F3D8BEEC9}.Debug|Any CPU.ActiveCfg = Debug|Any CPU
		{434A04FD-DAFF-7460-5B1B-3E0F3D8BEEC9}.Debug|Any CPU.Build.0 = Debug|Any CPU
		{434A04FD-DAFF-7460-5B1B-3E0F3D8BEEC9}.Release|Any CPU.ActiveCfg = Release|Any CPU
		{434A04FD-DAFF-7460-5B1B-3E0F3D8BEEC9}.Release|Any CPU.Build.0 = Release|Any CPU
	EndGlobalSection
	GlobalSection(SolutionProperties) = preSolution
		HideSolutionNode = FALSE
	EndGlobalSection
	GlobalSection(ExtensibilityGlobals) = postSolution
		SolutionGuid = {789E1FBD-5C1B-4CBB-B515-627F74D8629F}
	EndGlobalSection
EndGlobal
